// !$*UTF8*$!
{
	archiveVersion = 1;
	classes = {
	};
	objectVersion = 51;
	objects = {

/* Begin PBXBuildFile section */
		4B98901C22FE499600D8C4DA /* AppDelegate.swift in Sources */ = {isa = PBXBuildFile; fileRef = 4B98901B22FE499600D8C4DA /* AppDelegate.swift */; };
		4B98901E22FE499600D8C4DA /* ViewController.swift in Sources */ = {isa = PBXBuildFile; fileRef = 4B98901D22FE499600D8C4DA /* ViewController.swift */; };
		4B98902122FE499600D8C4DA /* Main.storyboard in Resources */ = {isa = PBXBuildFile; fileRef = 4B98901F22FE499600D8C4DA /* Main.storyboard */; };
		4B98902322FE499700D8C4DA /* Assets.xcassets in Resources */ = {isa = PBXBuildFile; fileRef = 4B98902222FE499700D8C4DA /* Assets.xcassets */; };
		4B98902622FE499700D8C4DA /* LaunchScreen.storyboard in Resources */ = {isa = PBXBuildFile; fileRef = 4B98902422FE499700D8C4DA /* LaunchScreen.storyboard */; };
		74E02146837AF07B7FD18EDB /* Pods_ProgressStepViewDemo.framework in Frameworks */ = {isa = PBXBuildFile; fileRef = 84C3932708E344FB72D77DD2 /* Pods_ProgressStepViewDemo.framework */; };
/* End PBXBuildFile section */

/* Begin PBXCopyFilesBuildPhase section */
		4B98904122FE4A6400D8C4DA /* Embed Frameworks */ = {
			isa = PBXCopyFilesBuildPhase;
			buildActionMask = 2147483647;
			dstPath = "";
			dstSubfolderSpec = 10;
			files = (
			);
			name = "Embed Frameworks";
			runOnlyForDeploymentPostprocessing = 0;
		};
/* End PBXCopyFilesBuildPhase section */

/* Begin PBXFileReference section */
		21549D65D9357BFE66FF8255 /* Pods-ProgressStepViewDemo.debug.xcconfig */ = {isa = PBXFileReference; includeInIndex = 1; lastKnownFileType = text.xcconfig; name = "Pods-ProgressStepViewDemo.debug.xcconfig"; path = "Target Support Files/Pods-ProgressStepViewDemo/Pods-ProgressStepViewDemo.debug.xcconfig"; sourceTree = "<group>"; };
		4B98901822FE499600D8C4DA /* ProgressStepViewDemo.app */ = {isa = PBXFileReference; explicitFileType = wrapper.application; includeInIndex = 0; path = ProgressStepViewDemo.app; sourceTree = BUILT_PRODUCTS_DIR; };
		4B98901B22FE499600D8C4DA /* AppDelegate.swift */ = {isa = PBXFileReference; lastKnownFileType = sourcecode.swift; path = AppDelegate.swift; sourceTree = "<group>"; };
		4B98901D22FE499600D8C4DA /* ViewController.swift */ = {isa = PBXFileReference; lastKnownFileType = sourcecode.swift; path = ViewController.swift; sourceTree = "<group>"; };
		4B98902022FE499600D8C4DA /* Base */ = {isa = PBXFileReference; lastKnownFileType = file.storyboard; name = Base; path = Base.lproj/Main.storyboard; sourceTree = "<group>"; };
		4B98902222FE499700D8C4DA /* Assets.xcassets */ = {isa = PBXFileReference; lastKnownFileType = folder.assetcatalog; path = Assets.xcassets; sourceTree = "<group>"; };
		4B98902522FE499700D8C4DA /* Base */ = {isa = PBXFileReference; lastKnownFileType = file.storyboard; name = Base; path = Base.lproj/LaunchScreen.storyboard; sourceTree = "<group>"; };
		4B98902722FE499700D8C4DA /* Info.plist */ = {isa = PBXFileReference; lastKnownFileType = text.plist.xml; path = Info.plist; sourceTree = "<group>"; };
		84C3932708E344FB72D77DD2 /* Pods_ProgressStepViewDemo.framework */ = {isa = PBXFileReference; explicitFileType = wrapper.framework; includeInIndex = 0; path = Pods_ProgressStepViewDemo.framework; sourceTree = BUILT_PRODUCTS_DIR; };
		F26D0603449FB907E6088E4B /* Pods-ProgressStepViewDemo.release.xcconfig */ = {isa = PBXFileReference; includeInIndex = 1; lastKnownFileType = text.xcconfig; name = "Pods-ProgressStepViewDemo.release.xcconfig"; path = "Target Support Files/Pods-ProgressStepViewDemo/Pods-ProgressStepViewDemo.release.xcconfig"; sourceTree = "<group>"; };
/* End PBXFileReference section */

/* Begin PBXFrameworksBuildPhase section */
		4B98901522FE499600D8C4DA /* Frameworks */ = {
			isa = PBXFrameworksBuildPhase;
			buildActionMask = 2147483647;
			files = (
				74E02146837AF07B7FD18EDB /* Pods_ProgressStepViewDemo.framework in Frameworks */,
			);
			runOnlyForDeploymentPostprocessing = 0;
		};
/* End PBXFrameworksBuildPhase section */

/* Begin PBXGroup section */
		4B98900F22FE499600D8C4DA = {
			isa = PBXGroup;
			children = (
				4B98901A22FE499600D8C4DA /* ProgressStepViewDemo */,
				4B98901922FE499600D8C4DA /* Products */,
				59ABB9BC800018DA66A12F9C /* Pods */,
				E09C5321A6A7CFA0562FA0B9 /* Frameworks */,
			);
			sourceTree = "<group>";
		};
		4B98901922FE499600D8C4DA /* Products */ = {
			isa = PBXGroup;
			children = (
				4B98901822FE499600D8C4DA /* ProgressStepViewDemo.app */,
			);
			name = Products;
			sourceTree = "<group>";
		};
		4B98901A22FE499600D8C4DA /* ProgressStepViewDemo */ = {
			isa = PBXGroup;
			children = (
				4B98901B22FE499600D8C4DA /* AppDelegate.swift */,
				4B98901D22FE499600D8C4DA /* ViewController.swift */,
				4B98901F22FE499600D8C4DA /* Main.storyboard */,
				4B98902222FE499700D8C4DA /* Assets.xcassets */,
				4B98902422FE499700D8C4DA /* LaunchScreen.storyboard */,
				4B98902722FE499700D8C4DA /* Info.plist */,
			);
			path = ProgressStepViewDemo;
			sourceTree = "<group>";
		};
		59ABB9BC800018DA66A12F9C /* Pods */ = {
			isa = PBXGroup;
			children = (
				21549D65D9357BFE66FF8255 /* Pods-ProgressStepViewDemo.debug.xcconfig */,
				F26D0603449FB907E6088E4B /* Pods-ProgressStepViewDemo.release.xcconfig */,
			);
			path = Pods;
			sourceTree = "<group>";
		};
		E09C5321A6A7CFA0562FA0B9 /* Frameworks */ = {
			isa = PBXGroup;
			children = (
				84C3932708E344FB72D77DD2 /* Pods_ProgressStepViewDemo.framework */,
			);
			name = Frameworks;
			sourceTree = "<group>";
		};
/* End PBXGroup section */

/* Begin PBXNativeTarget section */
		4B98901722FE499600D8C4DA /* ProgressStepViewDemo */ = {
			isa = PBXNativeTarget;
			buildConfigurationList = 4B98902A22FE499700D8C4DA /* Build configuration list for PBXNativeTarget "ProgressStepViewDemo" */;
			buildPhases = (
				2F3AB30A1F6A42BC06B2438F /* [CP] Check Pods Manifest.lock */,
				4B98901422FE499600D8C4DA /* Sources */,
				4B98901522FE499600D8C4DA /* Frameworks */,
				4B98901622FE499600D8C4DA /* Resources */,
				4B98904122FE4A6400D8C4DA /* Embed Frameworks */,
			);
			buildRules = (
			);
			dependencies = (
			);
			name = ProgressStepViewDemo;
			productName = ProgressStepViewDemo;
			productReference = 4B98901822FE499600D8C4DA /* ProgressStepViewDemo.app */;
			productType = "com.apple.product-type.application";
		};
/* End PBXNativeTarget section */

/* Begin PBXProject section */
		4B98901022FE499600D8C4DA /* Project object */ = {
			isa = PBXProject;
			attributes = {
				LastSwiftUpdateCheck = 1020;
				LastUpgradeCheck = 1020;
				ORGANIZATIONNAME = "Gustavo Storck";
				TargetAttributes = {
					4B98901722FE499600D8C4DA = {
						CreatedOnToolsVersion = 10.2.1;
					};
				};
			};
			buildConfigurationList = 4B98901322FE499600D8C4DA /* Build configuration list for PBXProject "ProgressStepViewDemo" */;
			compatibilityVersion = "Xcode 9.3";
			developmentRegion = en;
			hasScannedForEncodings = 0;
			knownRegions = (
				en,
				Base,
			);
			mainGroup = 4B98900F22FE499600D8C4DA;
			productRefGroup = 4B98901922FE499600D8C4DA /* Products */;
			projectDirPath = "";
			projectRoot = "";
			targets = (
				4B98901722FE499600D8C4DA /* ProgressStepViewDemo */,
			);
		};
/* End PBXProject section */

/* Begin PBXResourcesBuildPhase section */
		4B98901622FE499600D8C4DA /* Resources */ = {
			isa = PBXResourcesBuildPhase;
			buildActionMask = 2147483647;
			files = (
				4B98902622FE499700D8C4DA /* LaunchScreen.storyboard in Resources */,
				4B98902322FE499700D8C4DA /* Assets.xcassets in Resources */,
				4B98902122FE499600D8C4DA /* Main.storyboard in Resources */,
			);
			runOnlyForDeploymentPostprocessing = 0;
		};
/* End PBXResourcesBuildPhase section */

/* Begin PBXShellScriptBuildPhase section */
		2F3AB30A1F6A42BC06B2438F /* [CP] Check Pods Manifest.lock */ = {
			isa = PBXShellScriptBuildPhase;
			buildActionMask = 2147483647;
			files = (
			);
			inputFileListPaths = (
			);
			inputPaths = (
				"${PODS_PODFILE_DIR_PATH}/Podfile.lock",
				"${PODS_ROOT}/Manifest.lock",
			);
			name = "[CP] Check Pods Manifest.lock";
			outputFileListPaths = (
			);
			outputPaths = (
				"$(DERIVED_FILE_DIR)/Pods-ProgressStepViewDemo-checkManifestLockResult.txt",
			);
			runOnlyForDeploymentPostprocessing = 0;
			shellPath = /bin/sh;
			shellScript = "diff \"${PODS_PODFILE_DIR_PATH}/Podfile.lock\" \"${PODS_ROOT}/Manifest.lock\" > /dev/null\nif [ $? != 0 ] ; then\n    # print error to STDERR\n    echo \"error: The sandbox is not in sync with the Podfile.lock. Run 'pod install' or update your CocoaPods installation.\" >&2\n    exit 1\nfi\n# This output is used by Xcode 'outputs' to avoid re-running this script phase.\necho \"SUCCESS\" > \"${SCRIPT_OUTPUT_FILE_0}\"\n";
			showEnvVarsInLog = 0;
		};
/* End PBXShellScriptBuildPhase section */

/* Begin PBXSourcesBuildPhase section */
		4B98901422FE499600D8C4DA /* Sources */ = {
			isa = PBXSourcesBuildPhase;
			buildActionMask = 2147483647;
			files = (
				4B98901E22FE499600D8C4DA /* ViewController.swift in Sources */,
				4B98901C22FE499600D8C4DA /* AppDelegate.swift in Sources */,
			);
			runOnlyForDeploymentPostprocessing = 0;
		};
/* End PBXSourcesBuildPhase section */

/* Begin PBXVariantGroup section */
		4B98901F22FE499600D8C4DA /* Main.storyboard */ = {
			isa = PBXVariantGroup;
			children = (
				4B98902022FE499600D8C4DA /* Base */,
			);
			name = Main.storyboard;
			sourceTree = "<group>";
		};
		4B98902422FE499700D8C4DA /* LaunchScreen.storyboard */ = {
			isa = PBXVariantGroup;
			children = (
				4B98902522FE499700D8C4DA /* Base */,
			);
			name = LaunchScreen.storyboard;
			sourceTree = "<group>";
		};
/* End PBXVariantGroup section */

/* Begin XCBuildConfiguration section */
		4B98902822FE499700D8C4DA /* Debug */ = {
			isa = XCBuildConfiguration;
			buildSettings = {
				ALWAYS_SEARCH_USER_PATHS = NO;
				CLANG_ANALYZER_NONNULL = YES;
				CLANG_ANALYZER_NUMBER_OBJECT_CONVERSION = YES_AGGRESSIVE;
				CLANG_CXX_LANGUAGE_STANDARD = "gnu++14";
				CLANG_CXX_LIBRARY = "libc++";
				CLANG_ENABLE_MODULES = YES;
				CLANG_ENABLE_OBJC_ARC = YES;
				CLANG_ENABLE_OBJC_WEAK = YES;
				CLANG_WARN_BLOCK_CAPTURE_AUTORELEASING = YES;
				CLANG_WARN_BOOL_CONVERSION = YES;
				CLANG_WARN_COMMA = YES;
				CLANG_WARN_CONSTANT_CONVERSION = YES;
				CLANG_WARN_DEPRECATED_OBJC_IMPLEMENTATIONS = YES;
				CLANG_WARN_DIRECT_OBJC_ISA_USAGE = YES_ERROR;
				CLANG_WARN_DOCUMENTATION_COMMENTS = YES;
				CLANG_WARN_EMPTY_BODY = YES;
				CLANG_WARN_ENUM_CONVERSION = YES;
				CLANG_WARN_INFINITE_RECURSION = YES;
				CLANG_WARN_INT_CONVERSION = YES;
				CLANG_WARN_NON_LITERAL_NULL_CONVERSION = YES;
				CLANG_WARN_OBJC_IMPLICIT_RETAIN_SELF = YES;
				CLANG_WARN_OBJC_LITERAL_CONVERSION = YES;
				CLANG_WARN_OBJC_ROOT_CLASS = YES_ERROR;
				CLANG_WARN_RANGE_LOOP_ANALYSIS = YES;
				CLANG_WARN_STRICT_PROTOTYPES = YES;
				CLANG_WARN_SUSPICIOUS_MOVE = YES;
				CLANG_WARN_UNGUARDED_AVAILABILITY = YES_AGGRESSIVE;
				CLANG_WARN_UNREACHABLE_CODE = YES;
				CLANG_WARN__DUPLICATE_METHOD_MATCH = YES;
				CODE_SIGN_IDENTITY = "iPhone Developer";
				COPY_PHASE_STRIP = NO;
				DEBUG_INFORMATION_FORMAT = dwarf;
				ENABLE_STRICT_OBJC_MSGSEND = YES;
				ENABLE_TESTABILITY = YES;
				GCC_C_LANGUAGE_STANDARD = gnu11;
				GCC_DYNAMIC_NO_PIC = NO;
				GCC_NO_COMMON_BLOCKS = YES;
				GCC_OPTIMIZATION_LEVEL = 0;
				GCC_PREPROCESSOR_DEFINITIONS = (
					"DEBUG=1",
					"$(inherited)",
				);
				GCC_WARN_64_TO_32_BIT_CONVERSION = YES;
				GCC_WARN_ABOUT_RETURN_TYPE = YES_ERROR;
				GCC_WARN_UNDECLARED_SELECTOR = YES;
				GCC_WARN_UNINITIALIZED_AUTOS = YES_AGGRESSIVE;
				GCC_WARN_UNUSED_FUNCTION = YES;
				GCC_WARN_UNUSED_VARIABLE = YES;
				IPHONEOS_DEPLOYMENT_TARGET = 12.2;
				MTL_ENABLE_DEBUG_INFO = INCLUDE_SOURCE;
				MTL_FAST_MATH = YES;
				ONLY_ACTIVE_ARCH = YES;
				SDKROOT = iphoneos;
				SWIFT_ACTIVE_COMPILATION_CONDITIONS = DEBUG;
				SWIFT_OPTIMIZATION_LEVEL = "-Onone";
			};
			name = Debug;
		};
		4B98902922FE499700D8C4DA /* Release */ = {
			isa = XCBuildConfiguration;
			buildSettings = {
				ALWAYS_SEARCH_USER_PATHS = NO;
				CLANG_ANALYZER_NONNULL = YES;
				CLANG_ANALYZER_NUMBER_OBJECT_CONVERSION = YES_AGGRESSIVE;
				CLANG_CXX_LANGUAGE_STANDARD = "gnu++14";
				CLANG_CXX_LIBRARY = "libc++";
				CLANG_ENABLE_MODULES = YES;
				CLANG_ENABLE_OBJC_ARC = YES;
				CLANG_ENABLE_OBJC_WEAK = YES;
				CLANG_WARN_BLOCK_CAPTURE_AUTORELEASING = YES;
				CLANG_WARN_BOOL_CONVERSION = YES;
				CLANG_WARN_COMMA = YES;
				CLANG_WARN_CONSTANT_CONVERSION = YES;
				CLANG_WARN_DEPRECATED_OBJC_IMPLEMENTATIONS = YES;
				CLANG_WARN_DIRECT_OBJC_ISA_USAGE = YES_ERROR;
				CLANG_WARN_DOCUMENTATION_COMMENTS = YES;
				CLANG_WARN_EMPTY_BODY = YES;
				CLANG_WARN_ENUM_CONVERSION = YES;
				CLANG_WARN_INFINITE_RECURSION = YES;
				CLANG_WARN_INT_CONVERSION = YES;
				CLANG_WARN_NON_LITERAL_NULL_CONVERSION = YES;
				CLANG_WARN_OBJC_IMPLICIT_RETAIN_SELF = YES;
				CLANG_WARN_OBJC_LITERAL_CONVERSION = YES;
				CLANG_WARN_OBJC_ROOT_CLASS = YES_ERROR;
				CLANG_WARN_RANGE_LOOP_ANALYSIS = YES;
				CLANG_WARN_STRICT_PROTOTYPES = YES;
				CLANG_WARN_SUSPICIOUS_MOVE = YES;
				CLANG_WARN_UNGUARDED_AVAILABILITY = YES_AGGRESSIVE;
				CLANG_WARN_UNREACHABLE_CODE = YES;
				CLANG_WARN__DUPLICATE_METHOD_MATCH = YES;
				CODE_SIGN_IDENTITY = "iPhone Developer";
				COPY_PHASE_STRIP = NO;
				DEBUG_INFORMATION_FORMAT = "dwarf-with-dsym";
				ENABLE_NS_ASSERTIONS = NO;
				ENABLE_STRICT_OBJC_MSGSEND = YES;
				GCC_C_LANGUAGE_STANDARD = gnu11;
				GCC_NO_COMMON_BLOCKS = YES;
				GCC_WARN_64_TO_32_BIT_CONVERSION = YES;
				GCC_WARN_ABOUT_RETURN_TYPE = YES_ERROR;
				GCC_WARN_UNDECLARED_SELECTOR = YES;
				GCC_WARN_UNINITIALIZED_AUTOS = YES_AGGRESSIVE;
				GCC_WARN_UNUSED_FUNCTION = YES;
				GCC_WARN_UNUSED_VARIABLE = YES;
				IPHONEOS_DEPLOYMENT_TARGET = 12.2;
				MTL_ENABLE_DEBUG_INFO = NO;
				MTL_FAST_MATH = YES;
				SDKROOT = iphoneos;
				SWIFT_COMPILATION_MODE = wholemodule;
				SWIFT_OPTIMIZATION_LEVEL = "-O";
				VALIDATE_PRODUCT = YES;
			};
			name = Release;
		};
		4B98902B22FE499700D8C4DA /* Debug */ = {
			isa = XCBuildConfiguration;
			baseConfigurationReference = 21549D65D9357BFE66FF8255 /* Pods-ProgressStepViewDemo.debug.xcconfig */;
			buildSettings = {
				ALWAYS_EMBED_SWIFT_STANDARD_LIBRARIES = YES;
				ASSETCATALOG_COMPILER_APPICON_NAME = AppIcon;
				CODE_SIGN_STYLE = Automatic;
				DEVELOPMENT_TEAM = 38M663VZTK;
				INFOPLIST_FILE = ProgressStepViewDemo/Info.plist;
				IPHONEOS_DEPLOYMENT_TARGET = 10.0;
				LD_RUNPATH_SEARCH_PATHS = (
					"$(inherited)",
					"@executable_path/Frameworks",
				);
				PRODUCT_BUNDLE_IDENTIFIER = br.com.gsas.ProgressStepViewDemo;
				PRODUCT_NAME = "$(TARGET_NAME)";
				SWIFT_VERSION = 5.0;
				TARGETED_DEVICE_FAMILY = "1,2";
			};
			name = Debug;
		};
		4B98902C22FE499700D8C4DA /* Release */ = {
			isa = XCBuildConfiguration;
			baseConfigurationReference = F26D0603449FB907E6088E4B /* Pods-ProgressStepViewDemo.release.xcconfig */;
			buildSettings = {
				ALWAYS_EMBED_SWIFT_STANDARD_LIBRARIES = YES;
				ASSETCATALOG_COMPILER_APPICON_NAME = AppIcon;
				CODE_SIGN_STYLE = Automatic;
				DEVELOPMENT_TEAM = 38M663VZTK;
				INFOPLIST_FILE = ProgressStepViewDemo/Info.plist;
				IPHONEOS_DEPLOYMENT_TARGET = 10.0;
				LD_RUNPATH_SEARCH_PATHS = (
					"$(inherited)",
					"@executable_path/Frameworks",
				);
				PRODUCT_BUNDLE_IDENTIFIER = br.com.gsas.ProgressStepViewDemo;
				PRODUCT_NAME = "$(TARGET_NAME)";
				SWIFT_VERSION = 5.0;
				TARGETED_DEVICE_FAMILY = "1,2";
			};
			name = Release;
		};
/* End XCBuildConfiguration section */

/* Begin XCConfigurationList section */
		4B98901322FE499600D8C4DA /* Build configuration list for PBXProject "ProgressStepViewDemo" */ = {
			isa = XCConfigurationList;
			buildConfigurations = (
				4B98902822FE499700D8C4DA /* Debug */,
				4B98902922FE499700D8C4DA /* Release */,
			);
			defaultConfigurationIsVisible = 0;
			defaultConfigurationName = Release;
		};
		4B98902A22FE499700D8C4DA /* Build configuration list for PBXNativeTarget "ProgressStepViewDemo" */ = {
			isa = XCConfigurationList;
			buildConfigurations = (
				4B98902B22FE499700D8C4DA /* Debug */,
				4B98902C22FE499700D8C4DA /* Release */,
			);
			defaultConfigurationIsVisible = 0;
			defaultConfigurationName = Release;
		};
/* End XCConfigurationList section */
	};
	rootObject = 4B98901022FE499600D8C4DA /* Project object */;
}
